{
  "name": "@kberbic/grpc-ms",
  "version": "0.0.22",
  "lockfileVersion": 2,
  "requires": true,
  "packages": {
    "": {
      "name": "@kberbic/grpc-ms",
      "version": "0.0.22",
      "license": "ISC",
      "dependencies": {
        "commander": "^6.2.1"
      },
      "bin": {
        "grpc-ms": "bin/index.js"
      }
    },
    "node_modules/commander": {
      "version": "6.2.1",
      "resolved": "https://registry.npmjs.org/commander/-/commander-6.2.1.tgz",
      "integrity": "sha512-U7VdrJFnJgo4xjrHpTzu0yrHPGImdsmD95ZlgYSEajAn2JKzDhDTPG9kBTefmObL2w/ngeZnilk+OV9CG3d7UA==",
      "engines": {
        "node": ">= 6"
      }
    }
  },
  "dependencies": {
    "commander": {
      "version": "6.2.1",
      "resolved": "https://registry.npmjs.org/commander/-/commander-6.2.1.tgz",
      "integrity": "sha512-U7VdrJFnJgo4xjrHpTzu0yrHPGImdsmD95ZlgYSEajAn2JKzDhDTPG9kBTefmObL2w/ngeZnilk+OV9CG3d7UA=="
    }
  }
}
